Microsoft Visual Studio Solution File, Format Version 12.00
# Visual Studio Version 17
VisualStudioVersion = 17.5.2.0
MinimumVisualStudioVersion = 10.0.40219.1
Project("{FAE04EC0-301F-11D3-BF4B-00C04F79EFBC}") = "homeCookAPI", "homeCookAPI.csproj", "{5FA28759-479B-46D6-4D9A-A166C71ADF53}"
EndProject
Global
	GlobalSection(SolutionConfigurationPlatforms) = preSolution
		Debug|Any CPU = Debug|Any CPU
		Release|Any CPU = Release|Any CPU
	EndGlobalSection
	GlobalSection(ProjectConfigurationPlatforms) = postSolution
		{5FA28759-479B-46D6-4D9A-A166C71ADF53}.Debug|Any CPU.ActiveCfg = Debug|Any CPU
		{5FA28759-479B-46D6-4D9A-A166C71ADF53}.Debug|Any CPU.Build.0 = Debug|Any CPU
		{5FA28759-479B-46D6-4D9A-A166C71ADF53}.Release|Any CPU.ActiveCfg = Release|Any CPU
		{5FA28759-479B-46D6-4D9A-A166C71ADF53}.Release|Any CPU.Build.0 = Release|Any CPU
	EndGlobalSection
	GlobalSection(SolutionProperties) = preSolution
		HideSolutionNode = FALSE
	EndGlobalSection
	GlobalSection(ExtensibilityGlobals) = postSolution
		SolutionGuid = {3307130D-996B-4F92-97DB-ABFB2AD4A058}
	EndGlobalSection
EndGlobal
